<Solution>
  <Project Path="for10/for10.csproj" Id="31c9a99c-dec5-48d6-bed8-0241124062f8" />
  <Project Path="For2/For2.csproj" />
  <Project Path="for3/for3.csproj" Id="cd95b95e-8389-4432-a673-b5d9fb2f5fd3" />
  <Project Path="for4/for4.csproj" Id="313f357e-af37-4e3a-93a7-180b53b442b5" />
  <Project Path="for5/for5.csproj" Id="bffa76c8-ff35-412e-af52-0c731c859208" />
  <Project Path="for6/for6.csproj" Id="d5d6b811-eab6-4a51-bce5-feb86f8a4b07" />
  <Project Path="for7/for7.csproj" Id="c8ba5795-9696-460d-8e95-178537e49fe0" />
  <Project Path="for8/for8.csproj" Id="03f91ebe-a791-40c4-838b-744ce8bc37f7" />
  <Project Path="for9/for9.csproj" Id="4a94a529-0874-4661-90de-32b111e21f20" />
  <Project Path="PoyectosForyWhile/PoyectosForyWhile.csproj" />
  <Project Path="while11/while11.csproj" Id="24217e8c-c2fb-4b2d-a115-ad9b3fa078de" />
  <Project Path="while12/while12.csproj" Id="2140b337-f558-45cf-93a3-f481baa5ff04" />
  <Project Path="while13/while13.csproj" Id="cecc5cb2-fd6f-4fe4-b505-21ebde67f2ee" />
  <Project Path="while14/while14.csproj" Id="2f8b0cc3-752a-4d33-8101-65f17a4f0376" />
  <Project Path="while15/while15.csproj" Id="21955533-7569-4a10-8707-5882cdcbb6a8" />
</Solution>
